
Microsoft Visual Studio Solution File, Format Version 12.00
# Visual Studio Version 16
VisualStudioVersion = 16.0.29418.71
MinimumVisualStudioVersion = 10.0.40219.1
Project("{9A19103F-16F7-4668-BE54-9A1E7A4F7556}") = "Dungeons_MemoriesOfTheAncients", "Dungeons_MemoriesOfTheAncients.csproj", "{ECD46816-C283-4B6B-B842-11AA2821826C}"
EndProject
Project("{9A19103F-16F7-4668-BE54-9A1E7A4F7556}") = "DUNGINE", "..\..\..\DUNGINE\src\DUNGINE.csproj", "{EF30713F-06AD-419A-9DCE-AB7BBB295C3B}"
EndProject
Project("{9A19103F-16F7-4668-BE54-9A1E7A4F7556}") = "Du", "..\..\..\Du\src\Du.csproj", "{3149F8D3-3F63-4900-8C00-40462B37C09C}"
EndProject
Global
	GlobalSection(SolutionConfigurationPlatforms) = preSolution
		Debug|Any CPU = Debug|Any CPU
		Release|Any CPU = Release|Any CPU
	EndGlobalSection
	GlobalSection(ProjectConfigurationPlatforms) = postSolution
		{ECD46816-C283-4B6B-B842-11AA2821826C}.Debug|Any CPU.ActiveCfg = Debug|Any CPU
		{ECD46816-C283-4B6B-B842-11AA2821826C}.Debug|Any CPU.Build.0 = Debug|Any CPU
		{ECD46816-C283-4B6B-B842-11AA2821826C}.Release|Any CPU.ActiveCfg = Release|Any CPU
		{ECD46816-C283-4B6B-B842-11AA2821826C}.Release|Any CPU.Build.0 = Release|Any CPU
		{EF30713F-06AD-419A-9DCE-AB7BBB295C3B}.Debug|Any CPU.ActiveCfg = Debug|Any CPU
		{EF30713F-06AD-419A-9DCE-AB7BBB295C3B}.Debug|Any CPU.Build.0 = Debug|Any CPU
		{EF30713F-06AD-419A-9DCE-AB7BBB295C3B}.Release|Any CPU.ActiveCfg = Release|Any CPU
		{EF30713F-06AD-419A-9DCE-AB7BBB295C3B}.Release|Any CPU.Build.0 = Release|Any CPU
		{3149F8D3-3F63-4900-8C00-40462B37C09C}.Debug|Any CPU.ActiveCfg = Debug|Any CPU
		{3149F8D3-3F63-4900-8C00-40462B37C09C}.Debug|Any CPU.Build.0 = Debug|Any CPU
		{3149F8D3-3F63-4900-8C00-40462B37C09C}.Release|Any CPU.ActiveCfg = Release|Any CPU
		{3149F8D3-3F63-4900-8C00-40462B37C09C}.Release|Any CPU.Build.0 = Release|Any CPU
	EndGlobalSection
	GlobalSection(SolutionProperties) = preSolution
		HideSolutionNode = FALSE
	EndGlobalSection
	GlobalSection(ExtensibilityGlobals) = postSolution
		SolutionGuid = {5C478DCA-CA39-493D-AD2B-33D3BA3DCCE0}
	EndGlobalSection
EndGlobal
