
Microsoft Visual Studio Solution File, Format Version 12.00
# Visual Studio Version 16
VisualStudioVersion = 16.0.30523.141
MinimumVisualStudioVersion = 10.0.40219.1
Project("{9A19103F-16F7-4668-BE54-9A1E7A4F7556}") = "Dungeon-TextAdventure03", "Dungeon-TextAdventure03.csproj", "{37B3656A-62F5-4641-8DCC-F14FB9FDF3F6}"
EndProject
Project("{9A19103F-16F7-4668-BE54-9A1E7A4F7556}") = "DungineCore", "..\..\dungine\DungineCore\src\DungineCore.csproj", "{5B9E1104-5CE5-4B63-A9E0-66F064943F2D}"
EndProject
Global
	GlobalSection(SolutionConfigurationPlatforms) = preSolution
		Debug|Any CPU = Debug|Any CPU
		Release|Any CPU = Release|Any CPU
	EndGlobalSection
	GlobalSection(ProjectConfigurationPlatforms) = postSolution
		{37B3656A-62F5-4641-8DCC-F14FB9FDF3F6}.Debug|Any CPU.ActiveCfg = Debug|Any CPU
		{37B3656A-62F5-4641-8DCC-F14FB9FDF3F6}.Debug|Any CPU.Build.0 = Debug|Any CPU
		{37B3656A-62F5-4641-8DCC-F14FB9FDF3F6}.Release|Any CPU.ActiveCfg = Release|Any CPU
		{37B3656A-62F5-4641-8DCC-F14FB9FDF3F6}.Release|Any CPU.Build.0 = Release|Any CPU
		{5B9E1104-5CE5-4B63-A9E0-66F064943F2D}.Debug|Any CPU.ActiveCfg = Debug|Any CPU
		{5B9E1104-5CE5-4B63-A9E0-66F064943F2D}.Debug|Any CPU.Build.0 = Debug|Any CPU
		{5B9E1104-5CE5-4B63-A9E0-66F064943F2D}.Release|Any CPU.ActiveCfg = Release|Any CPU
		{5B9E1104-5CE5-4B63-A9E0-66F064943F2D}.Release|Any CPU.Build.0 = Release|Any CPU
	EndGlobalSection
	GlobalSection(SolutionProperties) = preSolution
		HideSolutionNode = FALSE
	EndGlobalSection
	GlobalSection(ExtensibilityGlobals) = postSolution
		SolutionGuid = {57FDB9ED-913D-4FCA-9CAB-1FB8CEAC3CA1}
	EndGlobalSection
EndGlobal
