
Microsoft Visual Studio Solution File, Format Version 12.00
# Visual Studio Version 16
VisualStudioVersion = 16.0.30621.155
MinimumVisualStudioVersion = 10.0.40219.1
Project("{9A19103F-16F7-4668-BE54-9A1E7A4F7556}") = "Dungine", "Dungine.csproj", "{5F5CF87A-AB04-4470-8BC2-D97B994FBBB1}"
EndProject
Project("{9A19103F-16F7-4668-BE54-9A1E7A4F7556}") = "Dungine.TextAdventure", "..\Dungine.TextAdventure\Dungine.TextAdventure.csproj", "{8D934331-A4F4-40F9-8058-D9292E79BB30}"
EndProject
Project("{9A19103F-16F7-4668-BE54-9A1E7A4F7556}") = "Du", "..\..\..\..\aprettycoolprogram\du\src\Du.cs\Du.csproj", "{411DDFF0-FF5B-4A52-93B9-92E9F855ECEA}"
EndProject
Global
	GlobalSection(SolutionConfigurationPlatforms) = preSolution
		Debug|Any CPU = Debug|Any CPU
		Release|Any CPU = Release|Any CPU
	EndGlobalSection
	GlobalSection(ProjectConfigurationPlatforms) = postSolution
		{5F5CF87A-AB04-4470-8BC2-D97B994FBBB1}.Debug|Any CPU.ActiveCfg = Debug|Any CPU
		{5F5CF87A-AB04-4470-8BC2-D97B994FBBB1}.Debug|Any CPU.Build.0 = Debug|Any CPU
		{5F5CF87A-AB04-4470-8BC2-D97B994FBBB1}.Release|Any CPU.ActiveCfg = Release|Any CPU
		{5F5CF87A-AB04-4470-8BC2-D97B994FBBB1}.Release|Any CPU.Build.0 = Release|Any CPU
		{8D934331-A4F4-40F9-8058-D9292E79BB30}.Debug|Any CPU.ActiveCfg = Debug|Any CPU
		{8D934331-A4F4-40F9-8058-D9292E79BB30}.Debug|Any CPU.Build.0 = Debug|Any CPU
		{8D934331-A4F4-40F9-8058-D9292E79BB30}.Release|Any CPU.ActiveCfg = Release|Any CPU
		{8D934331-A4F4-40F9-8058-D9292E79BB30}.Release|Any CPU.Build.0 = Release|Any CPU
		{411DDFF0-FF5B-4A52-93B9-92E9F855ECEA}.Debug|Any CPU.ActiveCfg = Debug|Any CPU
		{411DDFF0-FF5B-4A52-93B9-92E9F855ECEA}.Debug|Any CPU.Build.0 = Debug|Any CPU
		{411DDFF0-FF5B-4A52-93B9-92E9F855ECEA}.Release|Any CPU.ActiveCfg = Release|Any CPU
		{411DDFF0-FF5B-4A52-93B9-92E9F855ECEA}.Release|Any CPU.Build.0 = Release|Any CPU
	EndGlobalSection
	GlobalSection(SolutionProperties) = preSolution
		HideSolutionNode = FALSE
	EndGlobalSection
	GlobalSection(ExtensibilityGlobals) = postSolution
		SolutionGuid = {549B20F5-27C4-4570-90C1-8DDE5034AB72}
	EndGlobalSection
EndGlobal
